{
  "name": "vue-empty",
  "version": "1.0.0",
  "lockfileVersion": 1,
  "requires": true,
  "dependencies": {
    "core-js": {
      "version": "3.6.5",
      "resolved": "http://nexus.gsafety.com/repository/npm-group/core-js/-/core-js-3.6.5.tgz",
      "integrity": "sha1-c5XcJzrzf7LlDpvT2f6EEoUjHRo="
    },
    "vue": {
      "version": "2.6.11",
      "resolved": "http://nexus.gsafety.com/repository/npm-group/vue/-/vue-2.6.11.tgz",
      "integrity": "sha1-dllNh31LEiNEBuhONSdcbVFBJcU="
    },
    "vue-router": {
      "version": "3.2.0",
      "resolved": "http://nexus.gsafety.com/repository/npm-group/vue-router/-/vue-router-3.2.0.tgz",
      "integrity": "sha1-2jUZX/43/fC+yfX49yeB0qdxiBU="
    },
    "vuex": {
      "version": "3.4.0",
      "resolved": "http://nexus.gsafety.com/repository/npm-group/vuex/-/vuex-3.4.0.tgz",
      "integrity": "sha1-IMwIYGLXUHafzh/rs05/zurr3kU="
    }
  }
}
